
Microsoft Visual Studio Solution File, Format Version 12.00
# Visual Studio Version 16
VisualStudioVersion = 16.0.29409.12
MinimumVisualStudioVersion = 10.0.40219.1
Project("{FAE04EC0-301F-11D3-BF4B-00C04F79EFBC}") = "LithyGUI", "LithyGUI\LithyGUI.csproj", "{68871DAE-8D84-48AE-BA8A-234AA064D713}"
EndProject
Project("{FAE04EC0-301F-11D3-BF4B-00C04F79EFBC}") = "Entity", "Entity\Entity.csproj", "{6686EFE2-0CE0-4AEA-AD1C-1672E0B2A41A}"
EndProject
Project("{FAE04EC0-301F-11D3-BF4B-00C04F79EFBC}") = "DAL", "DAL\DAL.csproj", "{70B41127-5BED-4B1A-9EB7-F0C3E41E3C30}"
EndProject
Project("{9A19103F-16F7-4668-BE54-9A1E7A4F7556}") = "InfraEstructura", "InfraEstructura\InfraEstructura.csproj", "{14440400-1EBC-4671-BC9A-CC4CD602A005}"
EndProject
Project("{FAE04EC0-301F-11D3-BF4B-00C04F79EFBC}") = "BLL", "BLL\BLL.csproj", "{6E2D72FA-8E24-4BE6-B12F-00DD57F5D555}"
EndProject
Project("{2150E333-8FDC-42A3-9474-1A3956D46DE8}") = "BD", "BD", "{1249EEA4-D3C6-4521-BAA0-16D0EE3306D4}"
	ProjectSection(SolutionItems) = preProject
		CreacionTablas.txt = CreacionTablas.txt
		Paquete Diagnostico.txt = Paquete Diagnostico.txt
		PaqueteCita.txt = PaqueteCita.txt
		PaqueteMedicina.txt = PaqueteMedicina.txt
		PaquetePosologia.txt = PaquetePosologia.txt
		PaqueteRecetario.txt = PaqueteRecetario.txt
		PaquetesPersona.txt = PaquetesPersona.txt
	EndProjectSection
EndProject
Project("{2150E333-8FDC-42A3-9474-1A3956D46DE8}") = "PDF", "PDF", "{DA040A83-9AA3-40EE-B4C3-C44BCB27F271}"
EndProject
Global
	GlobalSection(SolutionConfigurationPlatforms) = preSolution
		Debug|Any CPU = Debug|Any CPU
		Release|Any CPU = Release|Any CPU
	EndGlobalSection
	GlobalSection(ProjectConfigurationPlatforms) = postSolution
		{68871DAE-8D84-48AE-BA8A-234AA064D713}.Debug|Any CPU.ActiveCfg = Debug|Any CPU
		{68871DAE-8D84-48AE-BA8A-234AA064D713}.Debug|Any CPU.Build.0 = Debug|Any CPU
		{68871DAE-8D84-48AE-BA8A-234AA064D713}.Release|Any CPU.ActiveCfg = Release|Any CPU
		{68871DAE-8D84-48AE-BA8A-234AA064D713}.Release|Any CPU.Build.0 = Release|Any CPU
		{6686EFE2-0CE0-4AEA-AD1C-1672E0B2A41A}.Debug|Any CPU.ActiveCfg = Debug|Any CPU
		{6686EFE2-0CE0-4AEA-AD1C-1672E0B2A41A}.Debug|Any CPU.Build.0 = Debug|Any CPU
		{6686EFE2-0CE0-4AEA-AD1C-1672E0B2A41A}.Release|Any CPU.ActiveCfg = Release|Any CPU
		{6686EFE2-0CE0-4AEA-AD1C-1672E0B2A41A}.Release|Any CPU.Build.0 = Release|Any CPU
		{70B41127-5BED-4B1A-9EB7-F0C3E41E3C30}.Debug|Any CPU.ActiveCfg = Debug|Any CPU
		{70B41127-5BED-4B1A-9EB7-F0C3E41E3C30}.Debug|Any CPU.Build.0 = Debug|Any CPU
		{70B41127-5BED-4B1A-9EB7-F0C3E41E3C30}.Release|Any CPU.ActiveCfg = Release|Any CPU
		{70B41127-5BED-4B1A-9EB7-F0C3E41E3C30}.Release|Any CPU.Build.0 = Release|Any CPU
		{14440400-1EBC-4671-BC9A-CC4CD602A005}.Debug|Any CPU.ActiveCfg = Debug|Any CPU
		{14440400-1EBC-4671-BC9A-CC4CD602A005}.Debug|Any CPU.Build.0 = Debug|Any CPU
		{14440400-1EBC-4671-BC9A-CC4CD602A005}.Release|Any CPU.ActiveCfg = Release|Any CPU
		{14440400-1EBC-4671-BC9A-CC4CD602A005}.Release|Any CPU.Build.0 = Release|Any CPU
		{6E2D72FA-8E24-4BE6-B12F-00DD57F5D555}.Debug|Any CPU.ActiveCfg = Debug|Any CPU
		{6E2D72FA-8E24-4BE6-B12F-00DD57F5D555}.Debug|Any CPU.Build.0 = Debug|Any CPU
		{6E2D72FA-8E24-4BE6-B12F-00DD57F5D555}.Release|Any CPU.ActiveCfg = Release|Any CPU
		{6E2D72FA-8E24-4BE6-B12F-00DD57F5D555}.Release|Any CPU.Build.0 = Release|Any CPU
	EndGlobalSection
	GlobalSection(SolutionProperties) = preSolution
		HideSolutionNode = FALSE
	EndGlobalSection
	GlobalSection(ExtensibilityGlobals) = postSolution
		SolutionGuid = {DC8E8626-B781-46F5-9D38-555307E296FD}
	EndGlobalSection
EndGlobal
